
Microsoft Visual Studio Solution File, Format Version 12.00
# Visual Studio Version 17
VisualStudioVersion = 17.9.34728.123
MinimumVisualStudioVersion = 10.0.40219.1
Project("{FAE04EC0-301F-11D3-BF4B-00C04F79EFBC}") = "CodePulse.API", "CodePulse.API\CodePulse.API.csproj", "{B70B85FF-417A-47C5-B1E4-FD3DDCC39CEA}"
EndProject
Global
	GlobalSection(SolutionConfigurationPlatforms) = preSolution
		Debug|Any CPU = Debug|Any CPU
		Release|Any CPU = Release|Any CPU
	EndGlobalSection
	GlobalSection(ProjectConfigurationPlatforms) = postSolution
		{B70B85FF-417A-47C5-B1E4-FD3DDCC39CEA}.Debug|Any CPU.ActiveCfg = Debug|Any CPU
		{B70B85FF-417A-47C5-B1E4-FD3DDCC39CEA}.Debug|Any CPU.Build.0 = Debug|Any CPU
		{B70B85FF-417A-47C5-B1E4-FD3DDCC39CEA}.Release|Any CPU.ActiveCfg = Release|Any CPU
		{B70B85FF-417A-47C5-B1E4-FD3DDCC39CEA}.Release|Any CPU.Build.0 = Release|Any CPU
	EndGlobalSection
	GlobalSection(SolutionProperties) = preSolution
		HideSolutionNode = FALSE
	EndGlobalSection
	GlobalSection(ExtensibilityGlobals) = postSolution
		SolutionGuid = {0A744D5A-FB71-470C-A81C-3A766C4AAE33}
	EndGlobalSection
EndGlobal
